<?xml version="1.0" encoding="utf-8"?>
<Project ToolsVersion="4.0" xmlns="http://schemas.microsoft.com/developer/msbuild/2003">
  <ItemGroup>
    <Filter Include="Source Files">
      <UniqueIdentifier>{4FC737F1-C7A5-4376-A066-2A32D752A2FF}</UniqueIdentifier>
      <Extensions>cpp;c;cc;cxx;def;odl;idl;hpj;bat;asm;asmx</Extensions>
    </Filter>
    <Filter Include="Header Files">
      <UniqueIdentifier>{93995380-89BD-4b04-88EB-625FBE52EBFB}</UniqueIdentifier>
      <Extensions>h;hpp;hxx;hm;inl;inc;xsd</Extensions>
    </Filter>
    <Filter Include="Resource Files">
      <UniqueIdentifier>{67DA6AB6-F800-4c08-8B7A-83BB121AAD01}</UniqueIdentifier>
      <Extensions>rc;ico;cur;bmp;dlg;rc2;rct;bin;rgs;gif;jpg;jpeg;jpe;resx;tiff;tif;png;wav;mfcribbon-ms</Extensions>
    </Filter>
    <Filter Include="Header Files\connect4">
      <UniqueIdentifier>{f8a06dad-1513-49b6-88b6-c3ef9073ca17}</UniqueIdentifier>
    </Filter>
    <Filter Include="Header Files\xo">
      <UniqueIdentifier>{501f6f47-d3cf-417d-8e78-c9dace2e4fd7}</UniqueIdentifier>
    </Filter>
    <Filter Include="Header Files\chess">
      <UniqueIdentifier>{4b77938c-1808-4232-acd5-9b3ab9348b71}</UniqueIdentifier>
    </Filter>
  </ItemGroup>
  <ItemGroup>
    <ClInclude Include="include1.h">
      <Filter>Header Files</Filter>
    </ClInclude>
    <ClInclude Include="connect4 1.h">
      <Filter>Header Files\connect4</Filter>
    </ClInclude>
    <ClInclude Include="connect4 2.h">
      <Filter>Header Files\connect4</Filter>
    </ClInclude>
    <ClInclude Include="xo 1.h">
      <Filter>Header Files\xo</Filter>
    </ClInclude>
    <ClInclude Include="xo 2.h">
      <Filter>Header Files\xo</Filter>
    </ClInclude>
    <ClInclude Include="king.h">
      <Filter>Header Files\chess</Filter>
    </ClInclude>
    <ClInclude Include="queen.h">
      <Filter>Header Files\chess</Filter>
    </ClInclude>
    <ClInclude Include="knight.h">
      <Filter>Header Files\chess</Filter>
    </ClInclude>
    <ClInclude Include="rook.h">
      <Filter>Header Files\chess</Filter>
    </ClInclude>
    <ClInclude Include="pawn.h">
      <Filter>Header Files\chess</Filter>
    </ClInclude>
    <ClInclude Include="bishop.h">
      <Filter>Header Files\chess</Filter>
    </ClInclude>
    <ClInclude Include="chess1.h">
      <Filter>Header Files\chess</Filter>
    </ClInclude>
    <ClInclude Include="chess2.h">
      <Filter>Header Files\chess</Filter>
    </ClInclude>
    <ClInclude Include="vmode.h">
      <Filter>Header Files</Filter>
    </ClInclude>
    <ClInclude Include="GameControl.h">
      <Filter>Header Files</Filter>
    </ClInclude>
  </ItemGroup>
  <ItemGroup>
    <ClCompile Include="running project.cpp">
      <Filter>Source Files</Filter>
    </ClCompile>
  </ItemGroup>
  <ItemGroup>
    <None Include="UML.cd" />
  </ItemGroup>
</Project>